{
  "name": "node",
  "version": "1.0.0",
  "lockfileVersion": 1,
  "requires": true,
  "dependencies": {
    "http2": {
      "version": "3.3.7",
      "resolved": "https://registry.npmjs.org/http2/-/http2-3.3.7.tgz",
      "integrity": "sha512-puSi8M8WNlFJm9Pk4c/Mbz9Gwparuj3gO9/RRO5zv6piQ0FY+9Qywp0PdWshYgsMJSalixFY7eC6oPu0zRxLAQ=="
    },
    "jsonwebtoken": {
      "version": "8.5.0",
      "resolved": "http://registry.npm.taobao.org/jsonwebtoken/download/jsonwebtoken-8.5.0.tgz",
      "dependencies": {
        "jws": {
          "version": "http://registry.npm.taobao.org/jws/download/jws-3.2.1.tgz",
          "bundled": true
        },
        "lodash.includes": {
          "version": "http://registry.npm.taobao.org/lodash.includes/download/lodash.includes-4.3.0.tgz",
          "bundled": true
        },
        "lodash.isboolean": {
          "version": "http://registry.npm.taobao.org/lodash.isboolean/download/lodash.isboolean-3.0.3.tgz",
          "bundled": true
        },
        "lodash.isinteger": {
          "version": "http://registry.npm.taobao.org/lodash.isinteger/download/lodash.isinteger-4.0.4.tgz",
          "bundled": true
        },
        "lodash.isnumber": {
          "version": "http://registry.npm.taobao.org/lodash.isnumber/download/lodash.isnumber-3.0.3.tgz",
          "bundled": true
        },
        "lodash.isplainobject": {
          "version": "http://registry.npm.taobao.org/lodash.isplainobject/download/lodash.isplainobject-4.0.6.tgz",
          "bundled": true
        },
        "lodash.isstring": {
          "version": "http://registry.npm.taobao.org/lodash.isstring/download/lodash.isstring-4.0.1.tgz",
          "bundled": true
        },
        "lodash.once": {
          "version": "http://registry.npm.taobao.org/lodash.once/download/lodash.once-4.1.1.tgz",
          "bundled": true
        },
        "ms": {
          "version": "http://registry.npm.taobao.org/ms/download/ms-2.1.1.tgz",
          "bundled": true
        },
        "semver": {
          "version": "http://registry.npm.taobao.org/semver/download/semver-5.6.0.tgz",
          "bundled": true
        }
      }
    },
    "mysql": {
      "version": "2.16.0",
      "resolved": "http://registry.npm.taobao.org/mysql/download/mysql-2.16.0.tgz",
      "dependencies": {
        "bignumber.js": {
          "version": "http://registry.npm.taobao.org/bignumber.js/download/bignumber.js-4.1.0.tgz",
          "bundled": true
        },
        "readable-stream": {
          "version": "http://registry.npm.taobao.org/readable-stream/download/readable-stream-2.3.6.tgz",
          "bundled": true
        },
        "safe-buffer": {
          "version": "http://registry.npm.taobao.org/safe-buffer/download/safe-buffer-5.1.2.tgz",
          "bundled": true
        },
        "sqlstring": {
          "version": "http://registry.npm.taobao.org/sqlstring/download/sqlstring-2.3.1.tgz",
          "bundled": true
        }
      }
    },
    "node-xlsx": {
      "version": "0.14.1",
      "resolved": "http://registry.npm.taobao.org/node-xlsx/download/node-xlsx-0.14.1.tgz",
      "dependencies": {
        "buffer-from": {
          "version": "http://registry.npm.taobao.org/buffer-from/download/buffer-from-1.1.1.tgz",
          "bundled": true
        },
        "xlsx": {
          "version": "http://registry.npm.taobao.org/xlsx/download/xlsx-0.14.1.tgz",
          "bundled": true
        }
      }
    }
  }
}
